
Microsoft Visual Studio Solution File, Format Version 12.00
# Visual Studio Version 16
VisualStudioVersion = 16.0.30011.22
MinimumVisualStudioVersion = 10.0.40219.1
Project("{FAE04EC0-301F-11D3-BF4B-00C04F79EFBC}") = "ConsoleApp26", "ConsoleApp26\ConsoleApp26.csproj", "{B587BFCA-8883-4B2E-9226-C70A7C2E2F19}"
EndProject
Global
	GlobalSection(SolutionConfigurationPlatforms) = preSolution
		Debug|Any CPU = Debug|Any CPU
		Release|Any CPU = Release|Any CPU
	EndGlobalSection
	GlobalSection(ProjectConfigurationPlatforms) = postSolution
		{B587BFCA-8883-4B2E-9226-C70A7C2E2F19}.Debug|Any CPU.ActiveCfg = Debug|Any CPU
		{B587BFCA-8883-4B2E-9226-C70A7C2E2F19}.Debug|Any CPU.Build.0 = Debug|Any CPU
		{B587BFCA-8883-4B2E-9226-C70A7C2E2F19}.Release|Any CPU.ActiveCfg = Release|Any CPU
		{B587BFCA-8883-4B2E-9226-C70A7C2E2F19}.Release|Any CPU.Build.0 = Release|Any CPU
	EndGlobalSection
	GlobalSection(SolutionProperties) = preSolution
		HideSolutionNode = FALSE
	EndGlobalSection
	GlobalSection(ExtensibilityGlobals) = postSolution
		SolutionGuid = {B6EA6106-35D8-4615-9B49-E0A71E03A933}
	EndGlobalSection
EndGlobal
